
Microsoft Visual Studio Solution File, Format Version 12.00
# Visual Studio 15
VisualStudioVersion = 15.0.27703.2035
MinimumVisualStudioVersion = 10.0.40219.1
Project("{FAE04EC0-301F-11D3-BF4B-00C04F79EFBC}") = "CHC-Image-Builder", "CHC-Image-Builder\CHC-Image-Builder.csproj", "{98A6E2B3-50F6-4701-9B07-D7966F7F2D53}"
EndProject
Global
	GlobalSection(SolutionConfigurationPlatforms) = preSolution
		Debug|Any CPU = Debug|Any CPU
		Release|Any CPU = Release|Any CPU
	EndGlobalSection
	GlobalSection(ProjectConfigurationPlatforms) = postSolution
		{98A6E2B3-50F6-4701-9B07-D7966F7F2D53}.Debug|Any CPU.ActiveCfg = Debug|Any CPU
		{98A6E2B3-50F6-4701-9B07-D7966F7F2D53}.Debug|Any CPU.Build.0 = Debug|Any CPU
		{98A6E2B3-50F6-4701-9B07-D7966F7F2D53}.Release|Any CPU.ActiveCfg = Release|Any CPU
		{98A6E2B3-50F6-4701-9B07-D7966F7F2D53}.Release|Any CPU.Build.0 = Release|Any CPU
	EndGlobalSection
	GlobalSection(SolutionProperties) = preSolution
		HideSolutionNode = FALSE
	EndGlobalSection
	GlobalSection(ExtensibilityGlobals) = postSolution
		SolutionGuid = {F8213632-B6DC-4181-B845-B713E3F54244}
	EndGlobalSection
EndGlobal
